
Microsoft Visual Studio Solution File, Format Version 12.00
# Visual Studio 15
VisualStudioVersion = 15.0.27004.2010
MinimumVisualStudioVersion = 10.0.40219.1
Project("{FAE04EC0-301F-11D3-BF4B-00C04F79EFBC}") = "WebApplication1", "WebApplication1\WebApplication1.csproj", "{A41142E5-163B-4644-9E61-2014759CA36E}"
EndProject
Global
	GlobalSection(SolutionConfigurationPlatforms) = preSolution
		Debug|Any CPU = Debug|Any CPU
		Release|Any CPU = Release|Any CPU
	EndGlobalSection
	GlobalSection(ProjectConfigurationPlatforms) = postSolution
		{A41142E5-163B-4644-9E61-2014759CA36E}.Debug|Any CPU.ActiveCfg = Debug|Any CPU
		{A41142E5-163B-4644-9E61-2014759CA36E}.Debug|Any CPU.Build.0 = Debug|Any CPU
		{A41142E5-163B-4644-9E61-2014759CA36E}.Release|Any CPU.ActiveCfg = Release|Any CPU
		{A41142E5-163B-4644-9E61-2014759CA36E}.Release|Any CPU.Build.0 = Release|Any CPU
	EndGlobalSection
	GlobalSection(SolutionProperties) = preSolution
		HideSolutionNode = FALSE
	EndGlobalSection
	GlobalSection(ExtensibilityGlobals) = postSolution
		SolutionGuid = {A6BEF4D3-E45E-4C4A-A46C-2B890286DA03}
	EndGlobalSection
EndGlobal
